
Microsoft Visual Studio Solution File, Format Version 12.00
# Visual Studio Version 16
VisualStudioVersion = 16.0.31410.357
MinimumVisualStudioVersion = 10.0.40219.1
Project("{FAE04EC0-301F-11D3-BF4B-00C04F79EFBC}") = "Практическая 21 (2)", "Практическая 21 (2)\Практическая 21 (2).csproj", "{64D35D2B-A373-4A22-BE17-27C9E16EEA59}"
EndProject
Global
	GlobalSection(SolutionConfigurationPlatforms) = preSolution
		Debug|Any CPU = Debug|Any CPU
		Release|Any CPU = Release|Any CPU
	EndGlobalSection
	GlobalSection(ProjectConfigurationPlatforms) = postSolution
		{64D35D2B-A373-4A22-BE17-27C9E16EEA59}.Debug|Any CPU.ActiveCfg = Debug|Any CPU
		{64D35D2B-A373-4A22-BE17-27C9E16EEA59}.Debug|Any CPU.Build.0 = Debug|Any CPU
		{64D35D2B-A373-4A22-BE17-27C9E16EEA59}.Release|Any CPU.ActiveCfg = Release|Any CPU
		{64D35D2B-A373-4A22-BE17-27C9E16EEA59}.Release|Any CPU.Build.0 = Release|Any CPU
	EndGlobalSection
	GlobalSection(SolutionProperties) = preSolution
		HideSolutionNode = FALSE
	EndGlobalSection
	GlobalSection(ExtensibilityGlobals) = postSolution
		SolutionGuid = {0E4816B9-DAD6-43B1-A2E7-E5776B70DB5B}
	EndGlobalSection
EndGlobal
